
Microsoft Visual Studio Solution File, Format Version 12.00
# Visual Studio Version 17
VisualStudioVersion = 17.10.35122.118
MinimumVisualStudioVersion = 10.0.40219.1
Project("{FAE04EC0-301F-11D3-BF4B-00C04F79EFBC}") = "Assignment12 in CS", "Assignment12 in CS\Assignment12 in CS.csproj", "{DDFB24ED-7B55-450C-BF2B-A85D54192748}"
EndProject
Global
	GlobalSection(SolutionConfigurationPlatforms) = preSolution
		Debug|Any CPU = Debug|Any CPU
		Release|Any CPU = Release|Any CPU
	EndGlobalSection
	GlobalSection(ProjectConfigurationPlatforms) = postSolution
		{DDFB24ED-7B55-450C-BF2B-A85D54192748}.Debug|Any CPU.ActiveCfg = Debug|Any CPU
		{DDFB24ED-7B55-450C-BF2B-A85D54192748}.Debug|Any CPU.Build.0 = Debug|Any CPU
		{DDFB24ED-7B55-450C-BF2B-A85D54192748}.Release|Any CPU.ActiveCfg = Release|Any CPU
		{DDFB24ED-7B55-450C-BF2B-A85D54192748}.Release|Any CPU.Build.0 = Release|Any CPU
	EndGlobalSection
	GlobalSection(SolutionProperties) = preSolution
		HideSolutionNode = FALSE
	EndGlobalSection
	GlobalSection(ExtensibilityGlobals) = postSolution
		SolutionGuid = {1C5D306B-6E6B-490C-8196-D4A311AB7DA4}
	EndGlobalSection
EndGlobal
